<?xml version="1.0" encoding="utf-8"?>
<Project ToolsVersion="4.0" xmlns="http://schemas.microsoft.com/developer/msbuild/2003">
  <ItemGroup>
    <Filter Include="Precompiled">
      <UniqueIdentifier>{b07bafa4-d21c-4674-8f50-96a0b05e15ec}</UniqueIdentifier>
    </Filter>
    <Filter Include="System">
      <UniqueIdentifier>{c191dfed-6725-436b-8d5e-e87111a37d3b}</UniqueIdentifier>
    </Filter>
    <Filter Include="System\Sound">
      <UniqueIdentifier>{55c566cd-0db7-4ccc-a86f-79d272374ff0}</UniqueIdentifier>
    </Filter>
    <Filter Include="External">
      <UniqueIdentifier>{664e4302-88ff-4aee-9cd7-0cad76a08445}</UniqueIdentifier>
    </Filter>
    <Filter Include="External\FMOD">
      <UniqueIdentifier>{8f9f6553-c981-423b-8e05-8a21651c0649}</UniqueIdentifier>
    </Filter>
    <Filter Include="Renderer">
      <UniqueIdentifier>{57c328a7-6125-4596-a774-150744c8b3c5}</UniqueIdentifier>
    </Filter>
    <Filter Include="GameState">
      <UniqueIdentifier>{bd24e6c9-fd4d-4129-a760-eec609d6e39d}</UniqueIdentifier>
    </Filter>
  </ItemGroup>
  <ItemGroup>
    <ClInclude Include="stdafx.h">
      <Filter>Precompiled</Filter>
    </ClInclude>
    <ClInclude Include="targetver.h">
      <Filter>Precompiled</Filter>
    </ClInclude>
    <ClInclude Include="Game.h" />
    <ClInclude Include="GameWorld.h" />
    <ClInclude Include="resource.h">
      <Filter>Precompiled</Filter>
    </ClInclude>
    <ClInclude Include="SoundManager.h">
      <Filter>System\Sound</Filter>
    </ClInclude>
    <ClInclude Include="fmod.h">
      <Filter>External\FMOD</Filter>
    </ClInclude>
    <ClInclude Include="fmod.hpp">
      <Filter>External\FMOD</Filter>
    </ClInclude>
    <ClInclude Include="fmod_codec.h">
      <Filter>External\FMOD</Filter>
    </ClInclude>
    <ClInclude Include="fmod_common.h">
      <Filter>External\FMOD</Filter>
    </ClInclude>
    <ClInclude Include="fmod_dsp.h">
      <Filter>External\FMOD</Filter>
    </ClInclude>
    <ClInclude Include="fmod_dsp_effects.h">
      <Filter>External\FMOD</Filter>
    </ClInclude>
    <ClInclude Include="fmod_errors.h">
      <Filter>External\FMOD</Filter>
    </ClInclude>
    <ClInclude Include="fmod_output.h">
      <Filter>External\FMOD</Filter>
    </ClInclude>
    <ClInclude Include="RenderCommand.h">
      <Filter>Renderer</Filter>
    </ClInclude>
    <ClInclude Include="Renderer.h">
      <Filter>Renderer</Filter>
    </ClInclude>
    <ClInclude Include="Synchronizer.h">
      <Filter>Renderer</Filter>
    </ClInclude>
    <ClInclude Include="GameStatus.h">
      <Filter>GameState</Filter>
    </ClInclude>
    <ClInclude Include="GameState.h">
      <Filter>GameState</Filter>
    </ClInclude>
    <ClInclude Include="StateStack.h">
      <Filter>GameState</Filter>
    </ClInclude>
    <ClInclude Include="StateStackProxy.h">
      <Filter>GameState</Filter>
    </ClInclude>
    <ClInclude Include="Sound.h">
      <Filter>System\Sound</Filter>
    </ClInclude>
    <ClInclude Include="Inventory.h" />
    <ClInclude Include="Item.h" />
  </ItemGroup>
  <ItemGroup>
    <ClCompile Include="stdafx.cpp">
      <Filter>Precompiled</Filter>
    </ClCompile>
    <ClCompile Include="Game.cpp" />
    <ClCompile Include="GameWorld.cpp" />
    <ClCompile Include="SoundManager.cpp">
      <Filter>System\Sound</Filter>
    </ClCompile>
    <ClCompile Include="Renderer.cpp">
      <Filter>Renderer</Filter>
    </ClCompile>
    <ClCompile Include="Synchronizer.cpp">
      <Filter>Renderer</Filter>
    </ClCompile>
    <ClCompile Include="GameState.cpp">
      <Filter>GameState</Filter>
    </ClCompile>
    <ClCompile Include="StateStack.cpp">
      <Filter>GameState</Filter>
    </ClCompile>
    <ClCompile Include="StateStackProxy.cpp">
      <Filter>GameState</Filter>
    </ClCompile>
    <ClCompile Include="Sound.cpp">
      <Filter>System\Sound</Filter>
    </ClCompile>
    <ClCompile Include="Inventory.cpp" />
    <ClCompile Include="Item.cpp" />
  </ItemGroup>
</Project>