<?xml version="1.0" encoding="utf-8"?>
<Project ToolsVersion="4.0" xmlns="http://schemas.microsoft.com/developer/msbuild/2003">
  <ItemGroup>
    <Filter Include="Precompiled">
      <UniqueIdentifier>{b07bafa4-d21c-4674-8f50-96a0b05e15ec}</UniqueIdentifier>
    </Filter>
    <Filter Include="System">
      <UniqueIdentifier>{c191dfed-6725-436b-8d5e-e87111a37d3b}</UniqueIdentifier>
    </Filter>
    <Filter Include="System\Sound">
      <UniqueIdentifier>{55c566cd-0db7-4ccc-a86f-79d272374ff0}</UniqueIdentifier>
    </Filter>
    <Filter Include="External">
      <UniqueIdentifier>{1de0bbfc-fb78-465d-9f0a-6e6b762a3b28}</UniqueIdentifier>
    </Filter>
    <Filter Include="External\FMOD">
      <UniqueIdentifier>{cf15d84c-b680-4799-bc61-a6c77fd5deb6}</UniqueIdentifier>
    </Filter>
  </ItemGroup>
  <ItemGroup>
    <ClInclude Include="stdafx.h">
      <Filter>Precompiled</Filter>
    </ClInclude>
    <ClInclude Include="targetver.h">
      <Filter>Precompiled</Filter>
    </ClInclude>
    <ClInclude Include="Game.h" />
    <ClInclude Include="GameWorld.h" />
    <ClInclude Include="resource.h">
      <Filter>Precompiled</Filter>
    </ClInclude>
    <ClInclude Include="SoundManager.h">
      <Filter>System\Sound</Filter>
    </ClInclude>
    <ClInclude Include="fmod.h">
      <Filter>External\FMOD</Filter>
    </ClInclude>
    <ClInclude Include="fmod.hpp">
      <Filter>External\FMOD</Filter>
    </ClInclude>
    <ClInclude Include="fmod_codec.h">
      <Filter>External\FMOD</Filter>
    </ClInclude>
    <ClInclude Include="fmod_common.h">
      <Filter>External\FMOD</Filter>
    </ClInclude>
    <ClInclude Include="fmod_dsp.h">
      <Filter>External\FMOD</Filter>
    </ClInclude>
    <ClInclude Include="fmod_dsp_effects.h">
      <Filter>External\FMOD</Filter>
    </ClInclude>
    <ClInclude Include="fmod_output.h">
      <Filter>External\FMOD</Filter>
    </ClInclude>
    <ClInclude Include="fmod_errors.h">
      <Filter>External\FMOD</Filter>
    </ClInclude>
  </ItemGroup>
  <ItemGroup>
    <ClCompile Include="stdafx.cpp">
      <Filter>Precompiled</Filter>
    </ClCompile>
    <ClCompile Include="Game.cpp" />
    <ClCompile Include="GameWorld.cpp" />
    <ClCompile Include="SoundManager.cpp">
      <Filter>System\Sound</Filter>
    </ClCompile>
  </ItemGroup>
  <ItemGroup>
    <Text Include="DebugLog.txt" />
  </ItemGroup>
</Project>